
Microsoft Visual Studio Solution File, Format Version 12.00
# Visual Studio Version 16
VisualStudioVersion = 16.0.31005.135
MinimumVisualStudioVersion = 10.0.40219.1
Project("{FAE04EC0-301F-11D3-BF4B-00C04F79EFBC}") = "MyFinalProject", "MyFinalProject\MyFinalProject.csproj", "{06C045A1-FB1E-48DF-8F7C-805086E3980E}"
EndProject
Project("{FAE04EC0-301F-11D3-BF4B-00C04F79EFBC}") = "WebAPI", "WebAPI\WebAPI.csproj", "{8961BAB2-2C08-4D68-967B-B51B8688408D}"
EndProject
Global
	GlobalSection(SolutionConfigurationPlatforms) = preSolution
		Debug|Any CPU = Debug|Any CPU
		Release|Any CPU = Release|Any CPU
	EndGlobalSection
	GlobalSection(ProjectConfigurationPlatforms) = postSolution
		{06C045A1-FB1E-48DF-8F7C-805086E3980E}.Debug|Any CPU.ActiveCfg = Debug|Any CPU
		{06C045A1-FB1E-48DF-8F7C-805086E3980E}.Debug|Any CPU.Build.0 = Debug|Any CPU
		{06C045A1-FB1E-48DF-8F7C-805086E3980E}.Release|Any CPU.ActiveCfg = Release|Any CPU
		{06C045A1-FB1E-48DF-8F7C-805086E3980E}.Release|Any CPU.Build.0 = Release|Any CPU
		{8961BAB2-2C08-4D68-967B-B51B8688408D}.Debug|Any CPU.ActiveCfg = Debug|Any CPU
		{8961BAB2-2C08-4D68-967B-B51B8688408D}.Debug|Any CPU.Build.0 = Debug|Any CPU
		{8961BAB2-2C08-4D68-967B-B51B8688408D}.Release|Any CPU.ActiveCfg = Release|Any CPU
		{8961BAB2-2C08-4D68-967B-B51B8688408D}.Release|Any CPU.Build.0 = Release|Any CPU
	EndGlobalSection
	GlobalSection(SolutionProperties) = preSolution
		HideSolutionNode = FALSE
	EndGlobalSection
	GlobalSection(ExtensibilityGlobals) = postSolution
		SolutionGuid = {DE49057E-0D5D-4BEF-A9AA-278FFFC78547}
	EndGlobalSection
EndGlobal
